
Microsoft Visual Studio Solution File, Format Version 12.00
# Visual Studio Version 16
VisualStudioVersion = 16.0.30503.244
MinimumVisualStudioVersion = 10.0.40219.1
Project("{FAE04EC0-301F-11D3-BF4B-00C04F79EFBC}") = "BMI", "BMI\BMI.csproj", "{29E68CC9-AF00-4B57-8A60-605989D85E07}"
EndProject
Global
	GlobalSection(SolutionConfigurationPlatforms) = preSolution
		Debug|Any CPU = Debug|Any CPU
		Release|Any CPU = Release|Any CPU
	EndGlobalSection
	GlobalSection(ProjectConfigurationPlatforms) = postSolution
		{29E68CC9-AF00-4B57-8A60-605989D85E07}.Debug|Any CPU.ActiveCfg = Debug|Any CPU
		{29E68CC9-AF00-4B57-8A60-605989D85E07}.Debug|Any CPU.Build.0 = Debug|Any CPU
		{29E68CC9-AF00-4B57-8A60-605989D85E07}.Release|Any CPU.ActiveCfg = Release|Any CPU
		{29E68CC9-AF00-4B57-8A60-605989D85E07}.Release|Any CPU.Build.0 = Release|Any CPU
	EndGlobalSection
	GlobalSection(SolutionProperties) = preSolution
		HideSolutionNode = FALSE
	EndGlobalSection
	GlobalSection(ExtensibilityGlobals) = postSolution
		SolutionGuid = {1F62E712-6A08-468F-86BA-F99D61D58D58}
	EndGlobalSection
EndGlobal
